
Microsoft Visual Studio Solution File, Format Version 12.00
# Visual Studio Version 17
VisualStudioVersion = 17.2.32526.322
MinimumVisualStudioVersion = 10.0.40219.1
Project("{FAE04EC0-301F-11D3-BF4B-00C04F79EFBC}") = "PSPlusMonthlyGames-Notifier", "PSPlusMonthlyGames-Notifier\PSPlusMonthlyGames-Notifier.csproj", "{F36980FB-B655-46AA-887C-FD26596F4A5E}"
EndProject
Global
	GlobalSection(SolutionConfigurationPlatforms) = preSolution
		Debug|Any CPU = Debug|Any CPU
		Release|Any CPU = Release|Any CPU
	EndGlobalSection
	GlobalSection(ProjectConfigurationPlatforms) = postSolution
		{F36980FB-B655-46AA-887C-FD26596F4A5E}.Debug|Any CPU.ActiveCfg = Debug|Any CPU
		{F36980FB-B655-46AA-887C-FD26596F4A5E}.Debug|Any CPU.Build.0 = Debug|Any CPU
		{F36980FB-B655-46AA-887C-FD26596F4A5E}.Release|Any CPU.ActiveCfg = Release|Any CPU
		{F36980FB-B655-46AA-887C-FD26596F4A5E}.Release|Any CPU.Build.0 = Release|Any CPU
	EndGlobalSection
	GlobalSection(SolutionProperties) = preSolution
		HideSolutionNode = FALSE
	EndGlobalSection
	GlobalSection(ExtensibilityGlobals) = postSolution
		SolutionGuid = {3178F8BA-5345-459E-8357-8B947962738D}
	EndGlobalSection
EndGlobal
