
Microsoft Visual Studio Solution File, Format Version 12.00
# Visual Studio Version 17
VisualStudioVersion = 17.2.32526.322
MinimumVisualStudioVersion = 10.0.40219.1
Project("{9A19103F-16F7-4668-BE54-9A1E7A4F7556}") = "PSPlusMonthlyGames-Notifier", "PSPlusMonthlyGames-Notifier\PSPlusMonthlyGames-Notifier.csproj", "{F36980FB-B655-46AA-887C-FD26596F4A5E}"
EndProject
Project("{2150E333-8FDC-42A3-9474-1A3956D46DE8}") = "Solution Items", "Solution Items", "{C0CBDE7E-A1A4-45D5-938D-E819F149FDE9}"
	ProjectSection(SolutionItems) = preProject
		.editorconfig = .editorconfig
	EndProjectSection
EndProject
Global
	GlobalSection(SolutionConfigurationPlatforms) = preSolution
		Debug|Any CPU = Debug|Any CPU
		Release|Any CPU = Release|Any CPU
	EndGlobalSection
	GlobalSection(ProjectConfigurationPlatforms) = postSolution
		{F36980FB-B655-46AA-887C-FD26596F4A5E}.Debug|Any CPU.ActiveCfg = Debug|Any CPU
		{F36980FB-B655-46AA-887C-FD26596F4A5E}.Debug|Any CPU.Build.0 = Debug|Any CPU
		{F36980FB-B655-46AA-887C-FD26596F4A5E}.Release|Any CPU.ActiveCfg = Release|Any CPU
		{F36980FB-B655-46AA-887C-FD26596F4A5E}.Release|Any CPU.Build.0 = Release|Any CPU
	EndGlobalSection
	GlobalSection(SolutionProperties) = preSolution
		HideSolutionNode = FALSE
	EndGlobalSection
	GlobalSection(ExtensibilityGlobals) = postSolution
		SolutionGuid = {3178F8BA-5345-459E-8357-8B947962738D}
	EndGlobalSection
EndGlobal
